
Microsoft Visual Studio Solution File, Format Version 12.00
# Visual Studio Version 17
VisualStudioVersion = 17.10.35027.167
MinimumVisualStudioVersion = 10.0.40219.1
Project("{9A19103F-16F7-4668-BE54-9A1E7A4F7556}") = "FlowerWebAPI", "FlowerWebAPI.csproj", "{F93451F8-C9A5-443C-98AC-051E152AEACA}"
EndProject
Project("{9A19103F-16F7-4668-BE54-9A1E7A4F7556}") = "Model", "..\Model\Model.csproj", "{0D5A0296-E45F-455D-B766-C8213A55C3DB}"
EndProject
Project("{9A19103F-16F7-4668-BE54-9A1E7A4F7556}") = "Service", "..\Service\Service.csproj", "{76779A3B-0986-484A-BDB8-925C9594099D}"
EndProject
Project("{9A19103F-16F7-4668-BE54-9A1E7A4F7556}") = "DataAccess", "..\Common\DataAccess.csproj", "{BC011B52-1291-4088-9A3A-2E7460653821}"
EndProject
Project("{FAE04EC0-301F-11D3-BF4B-00C04F79EFBC}") = "Interface", "..\Interface\Interface.csproj", "{DE19112D-A658-4045-881A-FCFA3DAE63D0}"
EndProject
Global
	GlobalSection(SolutionConfigurationPlatforms) = preSolution
		Debug|Any CPU = Debug|Any CPU
		Release|Any CPU = Release|Any CPU
	EndGlobalSection
	GlobalSection(ProjectConfigurationPlatforms) = postSolution
		{F93451F8-C9A5-443C-98AC-051E152AEACA}.Debug|Any CPU.ActiveCfg = Debug|Any CPU
		{F93451F8-C9A5-443C-98AC-051E152AEACA}.Debug|Any CPU.Build.0 = Debug|Any CPU
		{F93451F8-C9A5-443C-98AC-051E152AEACA}.Release|Any CPU.ActiveCfg = Release|Any CPU
		{F93451F8-C9A5-443C-98AC-051E152AEACA}.Release|Any CPU.Build.0 = Release|Any CPU
		{0D5A0296-E45F-455D-B766-C8213A55C3DB}.Debug|Any CPU.ActiveCfg = Debug|Any CPU
		{0D5A0296-E45F-455D-B766-C8213A55C3DB}.Debug|Any CPU.Build.0 = Debug|Any CPU
		{0D5A0296-E45F-455D-B766-C8213A55C3DB}.Release|Any CPU.ActiveCfg = Release|Any CPU
		{0D5A0296-E45F-455D-B766-C8213A55C3DB}.Release|Any CPU.Build.0 = Release|Any CPU
		{76779A3B-0986-484A-BDB8-925C9594099D}.Debug|Any CPU.ActiveCfg = Debug|Any CPU
		{76779A3B-0986-484A-BDB8-925C9594099D}.Debug|Any CPU.Build.0 = Debug|Any CPU
		{76779A3B-0986-484A-BDB8-925C9594099D}.Release|Any CPU.ActiveCfg = Release|Any CPU
		{76779A3B-0986-484A-BDB8-925C9594099D}.Release|Any CPU.Build.0 = Release|Any CPU
		{BC011B52-1291-4088-9A3A-2E7460653821}.Debug|Any CPU.ActiveCfg = Debug|Any CPU
		{BC011B52-1291-4088-9A3A-2E7460653821}.Debug|Any CPU.Build.0 = Debug|Any CPU
		{BC011B52-1291-4088-9A3A-2E7460653821}.Release|Any CPU.ActiveCfg = Release|Any CPU
		{BC011B52-1291-4088-9A3A-2E7460653821}.Release|Any CPU.Build.0 = Release|Any CPU
		{DE19112D-A658-4045-881A-FCFA3DAE63D0}.Debug|Any CPU.ActiveCfg = Debug|Any CPU
		{DE19112D-A658-4045-881A-FCFA3DAE63D0}.Debug|Any CPU.Build.0 = Debug|Any CPU
		{DE19112D-A658-4045-881A-FCFA3DAE63D0}.Release|Any CPU.ActiveCfg = Release|Any CPU
		{DE19112D-A658-4045-881A-FCFA3DAE63D0}.Release|Any CPU.Build.0 = Release|Any CPU
	EndGlobalSection
	GlobalSection(SolutionProperties) = preSolution
		HideSolutionNode = FALSE
	EndGlobalSection
	GlobalSection(ExtensibilityGlobals) = postSolution
		SolutionGuid = {D1B8295F-E360-4984-A692-061B2822833A}
	EndGlobalSection
EndGlobal
